// !$*UTF8*$!
{
	archiveVersion = 1;
	classes = {
	};
	objectVersion = 56;
	objects = {

/* Begin PBXBuildFile section */
		2DE25E8B2934E04C00116472 /* AppDelegate.swift in Sources */ = {isa = PBXBuildFile; fileRef = 2DE25E8A2934E04C00116472 /* AppDelegate.swift */; };
		2DE25E8D2934E04C00116472 /* SceneDelegate.swift in Sources */ = {isa = PBXBuildFile; fileRef = 2DE25E8C2934E04C00116472 /* SceneDelegate.swift */; };
		2DE25E922934E04C00116472 /* Main.storyboard in Resources */ = {isa = PBXBuildFile; fileRef = 2DE25E902934E04C00116472 /* Main.storyboard */; };
		2DE25E942934E04D00116472 /* Assets.xcassets in Resources */ = {isa = PBXBuildFile; fileRef = 2DE25E932934E04D00116472 /* Assets.xcassets */; };
		2DE25E972934E04D00116472 /* LaunchScreen.storyboard in Resources */ = {isa = PBXBuildFile; fileRef = 2DE25E952934E04D00116472 /* LaunchScreen.storyboard */; };
		2DE25EA32934E0EA00116472 /* BackspaceTextField.swift in Sources */ = {isa = PBXBuildFile; fileRef = 2DE25EA22934E0EA00116472 /* BackspaceTextField.swift */; };
		2DE25EA52934E12400116472 /* VerificationCodeVC.swift in Sources */ = {isa = PBXBuildFile; fileRef = 2DE25EA42934E12400116472 /* VerificationCodeVC.swift */; };
		2DE25EA82934E33100116472 /* Colors.xcassets in Resources */ = {isa = PBXBuildFile; fileRef = 2DE25EA72934E33100116472 /* Colors.xcassets */; };
		2DE25EC92934E38600116472 /* UIColorExtensions.swift in Sources */ = {isa = PBXBuildFile; fileRef = 2DE25EB92934E38600116472 /* UIColorExtensions.swift */; };
		2DE25ECB2934EC0800116472 /* UITextFieldExtensions.swift in Sources */ = {isa = PBXBuildFile; fileRef = 2DE25ECA2934EC0800116472 /* UITextFieldExtensions.swift */; };
		2DE25ECD2934EC7400116472 /* ForgotPasswordVC.swift in Sources */ = {isa = PBXBuildFile; fileRef = 2DE25ECC2934EC7400116472 /* ForgotPasswordVC.swift */; };
/* End PBXBuildFile section */

/* Begin PBXFileReference section */
		2DE25E872934E04C00116472 /* TextField.app */ = {isa = PBXFileReference; explicitFileType = wrapper.application; includeInIndex = 0; path = TextField.app; sourceTree = BUILT_PRODUCTS_DIR; };
		2DE25E8A2934E04C00116472 /* AppDelegate.swift */ = {isa = PBXFileReference; lastKnownFileType = sourcecode.swift; path = AppDelegate.swift; sourceTree = "<group>"; };
		2DE25E8C2934E04C00116472 /* SceneDelegate.swift */ = {isa = PBXFileReference; lastKnownFileType = sourcecode.swift; path = SceneDelegate.swift; sourceTree = "<group>"; };
		2DE25E912934E04C00116472 /* Base */ = {isa = PBXFileReference; lastKnownFileType = file.storyboard; name = Base; path = Base.lproj/Main.storyboard; sourceTree = "<group>"; };
		2DE25E932934E04D00116472 /* Assets.xcassets */ = {isa = PBXFileReference; lastKnownFileType = folder.assetcatalog; path = Assets.xcassets; sourceTree = "<group>"; };
		2DE25E962934E04D00116472 /* Base */ = {isa = PBXFileReference; lastKnownFileType = file.storyboard; name = Base; path = Base.lproj/LaunchScreen.storyboard; sourceTree = "<group>"; };
		2DE25E982934E04D00116472 /* Info.plist */ = {isa = PBXFileReference; lastKnownFileType = text.plist.xml; path = Info.plist; sourceTree = "<group>"; };
		2DE25EA22934E0EA00116472 /* BackspaceTextField.swift */ = {isa = PBXFileReference; fileEncoding = 4; lastKnownFileType = sourcecode.swift; path = BackspaceTextField.swift; sourceTree = "<group>"; };
		2DE25EA42934E12400116472 /* VerificationCodeVC.swift */ = {isa = PBXFileReference; fileEncoding = 4; lastKnownFileType = sourcecode.swift; path = VerificationCodeVC.swift; sourceTree = "<group>"; };
		2DE25EA72934E33100116472 /* Colors.xcassets */ = {isa = PBXFileReference; lastKnownFileType = folder.assetcatalog; path = Colors.xcassets; sourceTree = "<group>"; };
		2DE25EB92934E38600116472 /* UIColorExtensions.swift */ = {isa = PBXFileReference; fileEncoding = 4; lastKnownFileType = sourcecode.swift; path = UIColorExtensions.swift; sourceTree = "<group>"; };
		2DE25ECA2934EC0800116472 /* UITextFieldExtensions.swift */ = {isa = PBXFileReference; lastKnownFileType = sourcecode.swift; path = UITextFieldExtensions.swift; sourceTree = "<group>"; };
		2DE25ECC2934EC7400116472 /* ForgotPasswordVC.swift */ = {isa = PBXFileReference; lastKnownFileType = sourcecode.swift; path = ForgotPasswordVC.swift; sourceTree = "<group>"; };
/* End PBXFileReference section */

/* Begin PBXFrameworksBuildPhase section */
		2DE25E842934E04C00116472 /* Frameworks */ = {
			isa = PBXFrameworksBuildPhase;
			buildActionMask = 2147483647;
			files = (
			);
			runOnlyForDeploymentPostprocessing = 0;
		};
/* End PBXFrameworksBuildPhase section */

/* Begin PBXGroup section */
		2DE25E7E2934E04C00116472 = {
			isa = PBXGroup;
			children = (
				2DE25E892934E04C00116472 /* TextField */,
				2DE25E882934E04C00116472 /* Products */,
			);
			sourceTree = "<group>";
		};
		2DE25E882934E04C00116472 /* Products */ = {
			isa = PBXGroup;
			children = (
				2DE25E872934E04C00116472 /* TextField.app */,
			);
			name = Products;
			sourceTree = "<group>";
		};
		2DE25E892934E04C00116472 /* TextField */ = {
			isa = PBXGroup;
			children = (
				2DE25E8A2934E04C00116472 /* AppDelegate.swift */,
				2DE25E8C2934E04C00116472 /* SceneDelegate.swift */,
				2DE25EA02934E09F00116472 /* SourceCode */,
				2DE25EA12934E0BE00116472 /* HelperClasses */,
				2DE25EA92934E38600116472 /* Extensions */,
				2DE25EA62934E32200116472 /* Resources */,
				2DE25E952934E04D00116472 /* LaunchScreen.storyboard */,
				2DE25E982934E04D00116472 /* Info.plist */,
			);
			path = TextField;
			sourceTree = "<group>";
		};
		2DE25E9E2934E08900116472 /* Controller */ = {
			isa = PBXGroup;
			children = (
				2DE25EA42934E12400116472 /* VerificationCodeVC.swift */,
				2DE25ECC2934EC7400116472 /* ForgotPasswordVC.swift */,
			);
			path = Controller;
			sourceTree = "<group>";
		};
		2DE25E9F2934E09600116472 /* View */ = {
			isa = PBXGroup;
			children = (
				2DE25E902934E04C00116472 /* Main.storyboard */,
			);
			path = View;
			sourceTree = "<group>";
		};
		2DE25EA02934E09F00116472 /* SourceCode */ = {
			isa = PBXGroup;
			children = (
				2DE25E9E2934E08900116472 /* Controller */,
				2DE25E9F2934E09600116472 /* View */,
			);
			path = SourceCode;
			sourceTree = "<group>";
		};
		2DE25EA12934E0BE00116472 /* HelperClasses */ = {
			isa = PBXGroup;
			children = (
				2DE25EA22934E0EA00116472 /* BackspaceTextField.swift */,
			);
			path = HelperClasses;
			sourceTree = "<group>";
		};
		2DE25EA62934E32200116472 /* Resources */ = {
			isa = PBXGroup;
			children = (
				2DE25E932934E04D00116472 /* Assets.xcassets */,
				2DE25EA72934E33100116472 /* Colors.xcassets */,
			);
			path = Resources;
			sourceTree = "<group>";
		};
		2DE25EA92934E38600116472 /* Extensions */ = {
			isa = PBXGroup;
			children = (
				2DE25EB92934E38600116472 /* UIColorExtensions.swift */,
				2DE25ECA2934EC0800116472 /* UITextFieldExtensions.swift */,
			);
			path = Extensions;
			sourceTree = "<group>";
		};
/* End PBXGroup section */

/* Begin PBXNativeTarget section */
		2DE25E862934E04C00116472 /* TextField */ = {
			isa = PBXNativeTarget;
			buildConfigurationList = 2DE25E9B2934E04D00116472 /* Build configuration list for PBXNativeTarget "TextField" */;
			buildPhases = (
				2DE25E832934E04C00116472 /* Sources */,
				2DE25E842934E04C00116472 /* Frameworks */,
				2DE25E852934E04C00116472 /* Resources */,
			);
			buildRules = (
			);
			dependencies = (
			);
			name = TextField;
			productName = TextField;
			productReference = 2DE25E872934E04C00116472 /* TextField.app */;
			productType = "com.apple.product-type.application";
		};
/* End PBXNativeTarget section */

/* Begin PBXProject section */
		2DE25E7F2934E04C00116472 /* Project object */ = {
			isa = PBXProject;
			attributes = {
				BuildIndependentTargetsInParallel = 1;
				LastSwiftUpdateCheck = 1410;
				LastUpgradeCheck = 1410;
				TargetAttributes = {
					2DE25E862934E04C00116472 = {
						CreatedOnToolsVersion = 14.1;
					};
				};
			};
			buildConfigurationList = 2DE25E822934E04C00116472 /* Build configuration list for PBXProject "TextField" */;
			compatibilityVersion = "Xcode 14.0";
			developmentRegion = en;
			hasScannedForEncodings = 0;
			knownRegions = (
				en,
				Base,
			);
			mainGroup = 2DE25E7E2934E04C00116472;
			productRefGroup = 2DE25E882934E04C00116472 /* Products */;
			projectDirPath = "";
			projectRoot = "";
			targets = (
				2DE25E862934E04C00116472 /* TextField */,
			);
		};
/* End PBXProject section */

/* Begin PBXResourcesBuildPhase section */
		2DE25E852934E04C00116472 /* Resources */ = {
			isa = PBXResourcesBuildPhase;
			buildActionMask = 2147483647;
			files = (
				2DE25E972934E04D00116472 /* LaunchScreen.storyboard in Resources */,
				2DE25EA82934E33100116472 /* Colors.xcassets in Resources */,
				2DE25E942934E04D00116472 /* Assets.xcassets in Resources */,
				2DE25E922934E04C00116472 /* Main.storyboard in Resources */,
			);
			runOnlyForDeploymentPostprocessing = 0;
		};
/* End PBXResourcesBuildPhase section */

/* Begin PBXSourcesBuildPhase section */
		2DE25E832934E04C00116472 /* Sources */ = {
			isa = PBXSourcesBuildPhase;
			buildActionMask = 2147483647;
			files = (
				2DE25EA32934E0EA00116472 /* BackspaceTextField.swift in Sources */,
				2DE25EA52934E12400116472 /* VerificationCodeVC.swift in Sources */,
				2DE25E8B2934E04C00116472 /* AppDelegate.swift in Sources */,
				2DE25ECB2934EC0800116472 /* UITextFieldExtensions.swift in Sources */,
				2DE25ECD2934EC7400116472 /* ForgotPasswordVC.swift in Sources */,
				2DE25E8D2934E04C00116472 /* SceneDelegate.swift in Sources */,
				2DE25EC92934E38600116472 /* UIColorExtensions.swift in Sources */,
			);
			runOnlyForDeploymentPostprocessing = 0;
		};
/* End PBXSourcesBuildPhase section */

/* Begin PBXVariantGroup section */
		2DE25E902934E04C00116472 /* Main.storyboard */ = {
			isa = PBXVariantGroup;
			children = (
				2DE25E912934E04C00116472 /* Base */,
			);
			name = Main.storyboard;
			sourceTree = "<group>";
		};
		2DE25E952934E04D00116472 /* LaunchScreen.storyboard */ = {
			isa = PBXVariantGroup;
			children = (
				2DE25E962934E04D00116472 /* Base */,
			);
			name = LaunchScreen.storyboard;
			sourceTree = "<group>";
		};
/* End PBXVariantGroup section */

/* Begin XCBuildConfiguration section */
		2DE25E992934E04D00116472 /* Debug */ = {
			isa = XCBuildConfiguration;
			buildSettings = {
				ALWAYS_SEARCH_USER_PATHS = NO;
				CLANG_ANALYZER_NONNULL = YES;
				CLANG_ANALYZER_NUMBER_OBJECT_CONVERSION = YES_AGGRESSIVE;
				CLANG_CXX_LANGUAGE_STANDARD = "gnu++20";
				CLANG_ENABLE_MODULES = YES;
				CLANG_ENABLE_OBJC_ARC = YES;
				CLANG_ENABLE_OBJC_WEAK = YES;
				CLANG_WARN_BLOCK_CAPTURE_AUTORELEASING = YES;
				CLANG_WARN_BOOL_CONVERSION = YES;
				CLANG_WARN_COMMA = YES;
				CLANG_WARN_CONSTANT_CONVERSION = YES;
				CLANG_WARN_DEPRECATED_OBJC_IMPLEMENTATIONS = YES;
				CLANG_WARN_DIRECT_OBJC_ISA_USAGE = YES_ERROR;
				CLANG_WARN_DOCUMENTATION_COMMENTS = YES;
				CLANG_WARN_EMPTY_BODY = YES;
				CLANG_WARN_ENUM_CONVERSION = YES;
				CLANG_WARN_INFINITE_RECURSION = YES;
				CLANG_WARN_INT_CONVERSION = YES;
				CLANG_WARN_NON_LITERAL_NULL_CONVERSION = YES;
				CLANG_WARN_OBJC_IMPLICIT_RETAIN_SELF = YES;
				CLANG_WARN_OBJC_LITERAL_CONVERSION = YES;
				CLANG_WARN_OBJC_ROOT_CLASS = YES_ERROR;
				CLANG_WARN_QUOTED_INCLUDE_IN_FRAMEWORK_HEADER = YES;
				CLANG_WARN_RANGE_LOOP_ANALYSIS = YES;
				CLANG_WARN_STRICT_PROTOTYPES = YES;
				CLANG_WARN_SUSPICIOUS_MOVE = YES;
				CLANG_WARN_UNGUARDED_AVAILABILITY = YES_AGGRESSIVE;
				CLANG_WARN_UNREACHABLE_CODE = YES;
				CLANG_WARN__DUPLICATE_METHOD_MATCH = YES;
				COPY_PHASE_STRIP = NO;
				DEBUG_INFORMATION_FORMAT = dwarf;
				ENABLE_STRICT_OBJC_MSGSEND = YES;
				ENABLE_TESTABILITY = YES;
				GCC_C_LANGUAGE_STANDARD = gnu11;
				GCC_DYNAMIC_NO_PIC = NO;
				GCC_NO_COMMON_BLOCKS = YES;
				GCC_OPTIMIZATION_LEVEL = 0;
				GCC_PREPROCESSOR_DEFINITIONS = (
					"DEBUG=1",
					"$(inherited)",
				);
				GCC_WARN_64_TO_32_BIT_CONVERSION = YES;
				GCC_WARN_ABOUT_RETURN_TYPE = YES_ERROR;
				GCC_WARN_UNDECLARED_SELECTOR = YES;
				GCC_WARN_UNINITIALIZED_AUTOS = YES_AGGRESSIVE;
				GCC_WARN_UNUSED_FUNCTION = YES;
				GCC_WARN_UNUSED_VARIABLE = YES;
				IPHONEOS_DEPLOYMENT_TARGET = 16.1;
				MTL_ENABLE_DEBUG_INFO = INCLUDE_SOURCE;
				MTL_FAST_MATH = YES;
				ONLY_ACTIVE_ARCH = YES;
				SDKROOT = iphoneos;
				SWIFT_ACTIVE_COMPILATION_CONDITIONS = DEBUG;
				SWIFT_OPTIMIZATION_LEVEL = "-Onone";
			};
			name = Debug;
		};
		2DE25E9A2934E04D00116472 /* Release */ = {
			isa = XCBuildConfiguration;
			buildSettings = {
				ALWAYS_SEARCH_USER_PATHS = NO;
				CLANG_ANALYZER_NONNULL = YES;
				CLANG_ANALYZER_NUMBER_OBJECT_CONVERSION = YES_AGGRESSIVE;
				CLANG_CXX_LANGUAGE_STANDARD = "gnu++20";
				CLANG_ENABLE_MODULES = YES;
				CLANG_ENABLE_OBJC_ARC = YES;
				CLANG_ENABLE_OBJC_WEAK = YES;
				CLANG_WARN_BLOCK_CAPTURE_AUTORELEASING = YES;
				CLANG_WARN_BOOL_CONVERSION = YES;
				CLANG_WARN_COMMA = YES;
				CLANG_WARN_CONSTANT_CONVERSION = YES;
				CLANG_WARN_DEPRECATED_OBJC_IMPLEMENTATIONS = YES;
				CLANG_WARN_DIRECT_OBJC_ISA_USAGE = YES_ERROR;
				CLANG_WARN_DOCUMENTATION_COMMENTS = YES;
				CLANG_WARN_EMPTY_BODY = YES;
				CLANG_WARN_ENUM_CONVERSION = YES;
				CLANG_WARN_INFINITE_RECURSION = YES;
				CLANG_WARN_INT_CONVERSION = YES;
				CLANG_WARN_NON_LITERAL_NULL_CONVERSION = YES;
				CLANG_WARN_OBJC_IMPLICIT_RETAIN_SELF = YES;
				CLANG_WARN_OBJC_LITERAL_CONVERSION = YES;
				CLANG_WARN_OBJC_ROOT_CLASS = YES_ERROR;
				CLANG_WARN_QUOTED_INCLUDE_IN_FRAMEWORK_HEADER = YES;
				CLANG_WARN_RANGE_LOOP_ANALYSIS = YES;
				CLANG_WARN_STRICT_PROTOTYPES = YES;
				CLANG_WARN_SUSPICIOUS_MOVE = YES;
				CLANG_WARN_UNGUARDED_AVAILABILITY = YES_AGGRESSIVE;
				CLANG_WARN_UNREACHABLE_CODE = YES;
				CLANG_WARN__DUPLICATE_METHOD_MATCH = YES;
				COPY_PHASE_STRIP = NO;
				DEBUG_INFORMATION_FORMAT = "dwarf-with-dsym";
				ENABLE_NS_ASSERTIONS = NO;
				ENABLE_STRICT_OBJC_MSGSEND = YES;
				GCC_C_LANGUAGE_STANDARD = gnu11;
				GCC_NO_COMMON_BLOCKS = YES;
				GCC_WARN_64_TO_32_BIT_CONVERSION = YES;
				GCC_WARN_ABOUT_RETURN_TYPE = YES_ERROR;
				GCC_WARN_UNDECLARED_SELECTOR = YES;
				GCC_WARN_UNINITIALIZED_AUTOS = YES_AGGRESSIVE;
				GCC_WARN_UNUSED_FUNCTION = YES;
				GCC_WARN_UNUSED_VARIABLE = YES;
				IPHONEOS_DEPLOYMENT_TARGET = 16.1;
				MTL_ENABLE_DEBUG_INFO = NO;
				MTL_FAST_MATH = YES;
				SDKROOT = iphoneos;
				SWIFT_COMPILATION_MODE = wholemodule;
				SWIFT_OPTIMIZATION_LEVEL = "-O";
				VALIDATE_PRODUCT = YES;
			};
			name = Release;
		};
		2DE25E9C2934E04D00116472 /* Debug */ = {
			isa = XCBuildConfiguration;
			buildSettings = {
				ASSETCATALOG_COMPILER_APPICON_NAME = AppIcon;
				ASSETCATALOG_COMPILER_GLOBAL_ACCENT_COLOR_NAME = AccentColor;
				CODE_SIGN_STYLE = Automatic;
				CURRENT_PROJECT_VERSION = 1;
				DEVELOPMENT_TEAM = U4DD4VV25K;
				GENERATE_INFOPLIST_FILE = YES;
				INFOPLIST_FILE = TextField/Info.plist;
				INFOPLIST_KEY_UIApplicationSupportsIndirectInputEvents = YES;
				INFOPLIST_KEY_UILaunchStoryboardName = LaunchScreen;
				INFOPLIST_KEY_UIMainStoryboardFile = Main;
				INFOPLIST_KEY_UISupportedInterfaceOrientations_iPad = "UIInterfaceOrientationPortrait UIInterfaceOrientationPortraitUpsideDown UIInterfaceOrientationLandscapeLeft UIInterfaceOrientationLandscapeRight";
				INFOPLIST_KEY_UISupportedInterfaceOrientations_iPhone = "UIInterfaceOrientationPortrait UIInterfaceOrientationLandscapeLeft UIInterfaceOrientationLandscapeRight";
				LD_RUNPATH_SEARCH_PATHS = (
					"$(inherited)",
					"@executable_path/Frameworks",
				);
				MARKETING_VERSION = 1.0;
				PRODUCT_BUNDLE_IDENTIFIER = com.Srikanth.TextField;
				PRODUCT_NAME = "$(TARGET_NAME)";
				SWIFT_EMIT_LOC_STRINGS = YES;
				SWIFT_VERSION = 5.0;
				TARGETED_DEVICE_FAMILY = "1,2";
			};
			name = Debug;
		};
		2DE25E9D2934E04D00116472 /* Release */ = {
			isa = XCBuildConfiguration;
			buildSettings = {
				ASSETCATALOG_COMPILER_APPICON_NAME = AppIcon;
				ASSETCATALOG_COMPILER_GLOBAL_ACCENT_COLOR_NAME = AccentColor;
				CODE_SIGN_STYLE = Automatic;
				CURRENT_PROJECT_VERSION = 1;
				DEVELOPMENT_TEAM = U4DD4VV25K;
				GENERATE_INFOPLIST_FILE = YES;
				INFOPLIST_FILE = TextField/Info.plist;
				INFOPLIST_KEY_UIApplicationSupportsIndirectInputEvents = YES;
				INFOPLIST_KEY_UILaunchStoryboardName = LaunchScreen;
				INFOPLIST_KEY_UIMainStoryboardFile = Main;
				INFOPLIST_KEY_UISupportedInterfaceOrientations_iPad = "UIInterfaceOrientationPortrait UIInterfaceOrientationPortraitUpsideDown UIInterfaceOrientationLandscapeLeft UIInterfaceOrientationLandscapeRight";
				INFOPLIST_KEY_UISupportedInterfaceOrientations_iPhone = "UIInterfaceOrientationPortrait UIInterfaceOrientationLandscapeLeft UIInterfaceOrientationLandscapeRight";
				LD_RUNPATH_SEARCH_PATHS = (
					"$(inherited)",
					"@executable_path/Frameworks",
				);
				MARKETING_VERSION = 1.0;
				PRODUCT_BUNDLE_IDENTIFIER = com.Srikanth.TextField;
				PRODUCT_NAME = "$(TARGET_NAME)";
				SWIFT_EMIT_LOC_STRINGS = YES;
				SWIFT_VERSION = 5.0;
				TARGETED_DEVICE_FAMILY = "1,2";
			};
			name = Release;
		};
/* End XCBuildConfiguration section */

/* Begin XCConfigurationList section */
		2DE25E822934E04C00116472 /* Build configuration list for PBXProject "TextField" */ = {
			isa = XCConfigurationList;
			buildConfigurations = (
				2DE25E992934E04D00116472 /* Debug */,
				2DE25E9A2934E04D00116472 /* Release */,
			);
			defaultConfigurationIsVisible = 0;
			defaultConfigurationName = Release;
		};
		2DE25E9B2934E04D00116472 /* Build configuration list for PBXNativeTarget "TextField" */ = {
			isa = XCConfigurationList;
			buildConfigurations = (
				2DE25E9C2934E04D00116472 /* Debug */,
				2DE25E9D2934E04D00116472 /* Release */,
			);
			defaultConfigurationIsVisible = 0;
			defaultConfigurationName = Release;
		};
/* End XCConfigurationList section */
	};
	rootObject = 2DE25E7F2934E04C00116472 /* Project object */;
}
